
Microsoft Visual Studio Solution File, Format Version 12.00
# Visual Studio Version 17
VisualStudioVersion = 17.3.32901.215
MinimumVisualStudioVersion = 10.0.40219.1
Project("{FAE04EC0-301F-11D3-BF4B-00C04F79EFBC}") = "CrosshairTweaks", "CrosshairTweaks\CrosshairTweaks.csproj", "{BCBA57EC-670F-4269-BC05-4432094794DD}"
EndProject
Global
	GlobalSection(SolutionConfigurationPlatforms) = preSolution
		Debug|Any CPU = Debug|Any CPU
		Release|Any CPU = Release|Any CPU
	EndGlobalSection
	GlobalSection(ProjectConfigurationPlatforms) = postSolution
		{BCBA57EC-670F-4269-BC05-4432094794DD}.Debug|Any CPU.ActiveCfg = Debug|Any CPU
		{BCBA57EC-670F-4269-BC05-4432094794DD}.Debug|Any CPU.Build.0 = Debug|Any CPU
		{BCBA57EC-670F-4269-BC05-4432094794DD}.Release|Any CPU.ActiveCfg = Release|Any CPU
		{BCBA57EC-670F-4269-BC05-4432094794DD}.Release|Any CPU.Build.0 = Release|Any CPU
	EndGlobalSection
	GlobalSection(SolutionProperties) = preSolution
		HideSolutionNode = FALSE
	EndGlobalSection
	GlobalSection(ExtensibilityGlobals) = postSolution
		SolutionGuid = {63ACB146-307C-4898-A25C-DDBFC2E1BC24}
	EndGlobalSection
EndGlobal
